
Microsoft Visual Studio Solution File, Format Version 12.00
# Visual Studio Version 16
VisualStudioVersion = 16.0.28721.148
MinimumVisualStudioVersion = 10.0.40219.1
Project("{9A19103F-16F7-4668-BE54-9A1E7A4F7556}") = "Thread .NET.WebAPI", "Thread .NET.WebAPI\Thread .NET.WebAPI.csproj", "{56CAC359-EB3F-4607-9C20-6BDF8532791A}"
EndProject
Project("{FAE04EC0-301F-11D3-BF4B-00C04F79EFBC}") = "Thread .NET.BLL", "Thread .NET.BLL\Thread .NET.BLL.csproj", "{69349A18-A473-430A-A9A6-28B13EC594F3}"
EndProject
Project("{FAE04EC0-301F-11D3-BF4B-00C04F79EFBC}") = "Thread .NET.DAL", "Thread .NET.DAL\Thread .NET.DAL.csproj", "{3CD02A99-6881-4688-836E-B54284AA0B11}"
EndProject
Project("{FAE04EC0-301F-11D3-BF4B-00C04F79EFBC}") = "Thread .NET.Common", "Thread .NET.Common\Thread .NET.Common.csproj", "{16E895B4-617A-413F-81AD-6B6FC3EEFF5B}"
EndProject
Global
	GlobalSection(SolutionConfigurationPlatforms) = preSolution
		Debug|Any CPU = Debug|Any CPU
		Release|Any CPU = Release|Any CPU
	EndGlobalSection
	GlobalSection(ProjectConfigurationPlatforms) = postSolution
		{56CAC359-EB3F-4607-9C20-6BDF8532791A}.Debug|Any CPU.ActiveCfg = Debug|Any CPU
		{56CAC359-EB3F-4607-9C20-6BDF8532791A}.Debug|Any CPU.Build.0 = Debug|Any CPU
		{56CAC359-EB3F-4607-9C20-6BDF8532791A}.Release|Any CPU.ActiveCfg = Release|Any CPU
		{56CAC359-EB3F-4607-9C20-6BDF8532791A}.Release|Any CPU.Build.0 = Release|Any CPU
		{69349A18-A473-430A-A9A6-28B13EC594F3}.Debug|Any CPU.ActiveCfg = Debug|Any CPU
		{69349A18-A473-430A-A9A6-28B13EC594F3}.Debug|Any CPU.Build.0 = Debug|Any CPU
		{69349A18-A473-430A-A9A6-28B13EC594F3}.Release|Any CPU.ActiveCfg = Release|Any CPU
		{69349A18-A473-430A-A9A6-28B13EC594F3}.Release|Any CPU.Build.0 = Release|Any CPU
		{3CD02A99-6881-4688-836E-B54284AA0B11}.Debug|Any CPU.ActiveCfg = Debug|Any CPU
		{3CD02A99-6881-4688-836E-B54284AA0B11}.Debug|Any CPU.Build.0 = Debug|Any CPU
		{3CD02A99-6881-4688-836E-B54284AA0B11}.Release|Any CPU.ActiveCfg = Release|Any CPU
		{3CD02A99-6881-4688-836E-B54284AA0B11}.Release|Any CPU.Build.0 = Release|Any CPU
		{16E895B4-617A-413F-81AD-6B6FC3EEFF5B}.Debug|Any CPU.ActiveCfg = Debug|Any CPU
		{16E895B4-617A-413F-81AD-6B6FC3EEFF5B}.Debug|Any CPU.Build.0 = Debug|Any CPU
		{16E895B4-617A-413F-81AD-6B6FC3EEFF5B}.Release|Any CPU.ActiveCfg = Release|Any CPU
		{16E895B4-617A-413F-81AD-6B6FC3EEFF5B}.Release|Any CPU.Build.0 = Release|Any CPU
	EndGlobalSection
	GlobalSection(SolutionProperties) = preSolution
		HideSolutionNode = FALSE
	EndGlobalSection
	GlobalSection(ExtensibilityGlobals) = postSolution
		SolutionGuid = {918C81E0-76F2-439D-86C0-6A607688D5FC}
	EndGlobalSection
EndGlobal
